
Microsoft Visual Studio Solution File, Format Version 12.00
# Visual Studio 15
VisualStudioVersion = 15.0.27428.2002
MinimumVisualStudioVersion = 10.0.40219.1
Project("{FAE04EC0-301F-11D3-BF4B-00C04F79EFBC}") = "BookStore-WPF", "BookStore-WPF.csproj", "{21FCDFE8-8CC3-4A6B-9190-A8AAAE9B6140}"
EndProject
Project("{FAE04EC0-301F-11D3-BF4B-00C04F79EFBC}") = "DTO", "DTO\DTO.csproj", "{9E5FC019-E5D2-4D5F-9689-1E086716521E}"
EndProject
Project("{FAE04EC0-301F-11D3-BF4B-00C04F79EFBC}") = "DAO", "DAO\DAO.csproj", "{4A2080B2-5FB5-4DAD-87A2-D4B222463CF8}"
EndProject
Project("{FAE04EC0-301F-11D3-BF4B-00C04F79EFBC}") = "BUS", "BUS\BUS.csproj", "{D0503EBF-11D5-47B3-AE5B-4C3BB3EFDA08}"
EndProject
Global
	GlobalSection(SolutionConfigurationPlatforms) = preSolution
		Debug|Any CPU = Debug|Any CPU
		Release|Any CPU = Release|Any CPU
	EndGlobalSection
	GlobalSection(ProjectConfigurationPlatforms) = postSolution
		{21FCDFE8-8CC3-4A6B-9190-A8AAAE9B6140}.Debug|Any CPU.ActiveCfg = Debug|Any CPU
		{21FCDFE8-8CC3-4A6B-9190-A8AAAE9B6140}.Debug|Any CPU.Build.0 = Debug|Any CPU
		{21FCDFE8-8CC3-4A6B-9190-A8AAAE9B6140}.Release|Any CPU.ActiveCfg = Release|Any CPU
		{21FCDFE8-8CC3-4A6B-9190-A8AAAE9B6140}.Release|Any CPU.Build.0 = Release|Any CPU
		{9E5FC019-E5D2-4D5F-9689-1E086716521E}.Debug|Any CPU.ActiveCfg = Debug|Any CPU
		{9E5FC019-E5D2-4D5F-9689-1E086716521E}.Debug|Any CPU.Build.0 = Debug|Any CPU
		{9E5FC019-E5D2-4D5F-9689-1E086716521E}.Release|Any CPU.ActiveCfg = Release|Any CPU
		{9E5FC019-E5D2-4D5F-9689-1E086716521E}.Release|Any CPU.Build.0 = Release|Any CPU
		{4A2080B2-5FB5-4DAD-87A2-D4B222463CF8}.Debug|Any CPU.ActiveCfg = Debug|Any CPU
		{4A2080B2-5FB5-4DAD-87A2-D4B222463CF8}.Debug|Any CPU.Build.0 = Debug|Any CPU
		{4A2080B2-5FB5-4DAD-87A2-D4B222463CF8}.Release|Any CPU.ActiveCfg = Release|Any CPU
		{4A2080B2-5FB5-4DAD-87A2-D4B222463CF8}.Release|Any CPU.Build.0 = Release|Any CPU
		{D0503EBF-11D5-47B3-AE5B-4C3BB3EFDA08}.Debug|Any CPU.ActiveCfg = Debug|Any CPU
		{D0503EBF-11D5-47B3-AE5B-4C3BB3EFDA08}.Debug|Any CPU.Build.0 = Debug|Any CPU
		{D0503EBF-11D5-47B3-AE5B-4C3BB3EFDA08}.Release|Any CPU.ActiveCfg = Release|Any CPU
		{D0503EBF-11D5-47B3-AE5B-4C3BB3EFDA08}.Release|Any CPU.Build.0 = Release|Any CPU
	EndGlobalSection
	GlobalSection(SolutionProperties) = preSolution
		HideSolutionNode = FALSE
	EndGlobalSection
	GlobalSection(ExtensibilityGlobals) = postSolution
		SolutionGuid = {CE1A349A-65AC-4672-982A-87BF9C87933B}
	EndGlobalSection
EndGlobal
